
Microsoft Visual Studio Solution File, Format Version 12.00
# Visual Studio Version 17
VisualStudioVersion = 17.0.32126.317
MinimumVisualStudioVersion = 10.0.40219.1
Project("{FAE04EC0-301F-11D3-BF4B-00C04F79EFBC}") = "FirstProject", "FirstProject\FirstProject.csproj", "{DC7B6824-2C8F-411C-876C-F49892BF94F4}"
EndProject
Global
	GlobalSection(SolutionConfigurationPlatforms) = preSolution
		Debug|Any CPU = Debug|Any CPU
		Release|Any CPU = Release|Any CPU
	EndGlobalSection
	GlobalSection(ProjectConfigurationPlatforms) = postSolution
		{DC7B6824-2C8F-411C-876C-F49892BF94F4}.Debug|Any CPU.ActiveCfg = Debug|Any CPU
		{DC7B6824-2C8F-411C-876C-F49892BF94F4}.Debug|Any CPU.Build.0 = Debug|Any CPU
		{DC7B6824-2C8F-411C-876C-F49892BF94F4}.Release|Any CPU.ActiveCfg = Release|Any CPU
		{DC7B6824-2C8F-411C-876C-F49892BF94F4}.Release|Any CPU.Build.0 = Release|Any CPU
	EndGlobalSection
	GlobalSection(SolutionProperties) = preSolution
		HideSolutionNode = FALSE
	EndGlobalSection
	GlobalSection(ExtensibilityGlobals) = postSolution
		SolutionGuid = {B6E6C1A2-A1CE-4E47-9F4C-FEEE17E977A9}
	EndGlobalSection
EndGlobal
